Microsoft Visual Studio Solution File, Format Version 12.00
# Visual Studio Version 17
VisualStudioVersion = 17.5.2.0
MinimumVisualStudioVersion = 10.0.40219.1
Project("{2150E333-8FDC-42A3-9474-1A3956D46DE8}") = "src", "src", "{827E0CD3-B72D-47B6-A68D-7590B98EB39B}"
EndProject
Project("{FAE04EC0-301F-11D3-BF4B-00C04F79EFBC}") = "VibeVoice", "src\VibeVoice.csproj", "{AFF58689-BD2B-9DC5-22AB-700B82EAAC59}"
EndProject
Global
	GlobalSection(SolutionConfigurationPlatforms) = preSolution
		Debug|Any CPU = Debug|Any CPU
		Release|Any CPU = Release|Any CPU
	EndGlobalSection
	GlobalSection(ProjectConfigurationPlatforms) = postSolution
		{AFF58689-BD2B-9DC5-22AB-700B82EAAC59}.Debug|Any CPU.ActiveCfg = Debug|Any CPU
		{AFF58689-BD2B-9DC5-22AB-700B82EAAC59}.Debug|Any CPU.Build.0 = Debug|Any CPU
		{AFF58689-BD2B-9DC5-22AB-700B82EAAC59}.Release|Any CPU.ActiveCfg = Release|Any CPU
		{AFF58689-BD2B-9DC5-22AB-700B82EAAC59}.Release|Any CPU.Build.0 = Release|Any CPU
	EndGlobalSection
	GlobalSection(SolutionProperties) = preSolution
		HideSolutionNode = FALSE
	EndGlobalSection
	GlobalSection(NestedProjects) = preSolution
		{AFF58689-BD2B-9DC5-22AB-700B82EAAC59} = {827E0CD3-B72D-47B6-A68D-7590B98EB39B}
	EndGlobalSection
	GlobalSection(ExtensibilityGlobals) = postSolution
		SolutionGuid = {034B4F6D-6317-42CB-8444-266CAD4EC835}
	EndGlobalSection
EndGlobal
